<?xml version="1.0" encoding="utf-8"?>
<Project ToolsVersion="4.0" xmlns="http://schemas.microsoft.com/developer/msbuild/2003">
  <ItemGroup>
    <Filter Include="Source Files">
      <UniqueIdentifier>{4FC737F1-C7A5-4376-A066-2A32D752A2FF}</UniqueIdentifier>
      <Extensions>cpp;c;cc;cxx;c++;cppm;ixx;def;odl;idl;hpj;bat;asm;asmx</Extensions>
    </Filter>
    <Filter Include="Header Files">
      <UniqueIdentifier>{93995380-89BD-4b04-88EB-625FBE52EBFB}</UniqueIdentifier>
      <Extensions>h;hh;hpp;hxx;h++;hm;inl;inc;ipp;xsd</Extensions>
    </Filter>
    <Filter Include="Resource Files">
      <UniqueIdentifier>{67DA6AB6-F800-4c08-8B7A-83BB121AAD01}</UniqueIdentifier>
      <Extensions>rc;ico;cur;bmp;dlg;rc2;rct;bin;rgs;gif;jpg;jpeg;jpe;resx;tiff;tif;png;wav;mfcribbon-ms</Extensions>
    </Filter>
    <Filter Include="Unit Tests">
      <UniqueIdentifier>{4813b497-49ef-435c-b940-a96208327d63}</UniqueIdentifier>
    </Filter>
  </ItemGroup>
  <ItemGroup>
    <ClCompile Include="Failure.cpp">
      <Filter>Source Files</Filter>
    </ClCompile>
    <ClCompile Include="Main.cpp">
      <Filter>Source Files</Filter>
    </ClCompile>
    <ClCompile Include="Test.cpp">
      <Filter>Source Files</Filter>
    </ClCompile>
    <ClCompile Include="TestRegistry.cpp">
      <Filter>Source Files</Filter>
    </ClCompile>
    <ClCompile Include="TestResult.cpp">
      <Filter>Source Files</Filter>
    </ClCompile>
    <ClCompile Include="BasicCanvasTest.cpp">
      <Filter>Unit Tests</Filter>
    </ClCompile>
    <ClCompile Include="BinaryTest.cpp">
      <Filter>Unit Tests</Filter>
    </ClCompile>
    <ClCompile Include="CodecLibraryTest.cpp">
      <Filter>Unit Tests</Filter>
    </ClCompile>
    <ClCompile Include="LayerTest.cpp">
      <Filter>Unit Tests</Filter>
    </ClCompile>
    <ClCompile Include="PlacedGraphicTest.cpp">
      <Filter>Unit Tests</Filter>
    </ClCompile>
    <ClCompile Include="ranged_numberTest.cpp">
      <Filter>Unit Tests</Filter>
    </ClCompile>
    <ClCompile Include="SceneReaderTest.cpp">
      <Filter>Unit Tests</Filter>
    </ClCompile>
    <ClCompile Include="SceneTest.cpp">
      <Filter>Unit Tests</Filter>
    </ClCompile>
    <ClCompile Include="VectorGraphicTest.cpp">
      <Filter>Unit Tests</Filter>
    </ClCompile>
    <ClCompile Include="VerifyEqualityTest.cpp">
      <Filter>Unit Tests</Filter>
    </ClCompile>
    <ClCompile Include="WindowsBitmapHeaderTest.cpp">
      <Filter>Unit Tests</Filter>
    </ClCompile>
    <ClCompile Include="XmlReaderTest.cpp">
      <Filter>Unit Tests</Filter>
    </ClCompile>
    <ClCompile Include="Bitmap.cpp">
      <Filter>Source Files</Filter>
    </ClCompile>
    <ClCompile Include="BitmapIterator.cpp">
      <Filter>Source Files</Filter>
    </ClCompile>
    <ClCompile Include="BitmapIteratorDecorator.cpp">
      <Filter>Source Files</Filter>
    </ClCompile>
    <ClCompile Include="BrightnessDecorator.cpp">
      <Filter>Source Files</Filter>
    </ClCompile>
    <ClCompile Include="CodecLibrary.cpp">
      <Filter>Source Files</Filter>
    </ClCompile>
    <ClCompile Include="Color.cpp">
      <Filter>Source Files</Filter>
    </ClCompile>
    <ClCompile Include="ColorInversionDecorator.cpp">
      <Filter>Source Files</Filter>
    </ClCompile>
    <ClCompile Include="WindowsBitmapDecoder.cpp">
      <Filter>Source Files</Filter>
    </ClCompile>
    <ClCompile Include="WindowsBitmapEncoder.cpp">
      <Filter>Source Files</Filter>
    </ClCompile>
    <ClCompile Include="WindowsBitmapHeader.cpp">
      <Filter>Source Files</Filter>
    </ClCompile>
    <ClCompile Include="PlacedGraphic.cpp">
      <Filter>Source Files</Filter>
    </ClCompile>
    <ClCompile Include="Point.cpp">
      <Filter>Source Files</Filter>
    </ClCompile>
    <ClCompile Include="Scene.cpp">
      <Filter>Source Files</Filter>
    </ClCompile>
    <ClCompile Include="SceneReader.cpp">
      <Filter>Source Files</Filter>
    </ClCompile>
    <ClCompile Include="SceneWriter.cpp">
      <Filter>Source Files</Filter>
    </ClCompile>
    <ClCompile Include="tinyxml2.cpp">
      <Filter>Source Files</Filter>
    </ClCompile>
    <ClCompile Include="VectorGraphic.cpp">
      <Filter>Source Files</Filter>
    </ClCompile>
    <ClCompile Include="XmlFactories.cpp">
      <Filter>Source Files</Filter>
    </ClCompile>
    <ClCompile Include="XmlReader.cpp">
      <Filter>Source Files</Filter>
    </ClCompile>
    <ClCompile Include="XmlWriter.cpp">
      <Filter>Source Files</Filter>
    </ClCompile>
    <ClCompile Include="Element.cpp">
      <Filter>Source Files</Filter>
    </ClCompile>
    <ClCompile Include="Layer.cpp">
      <Filter>Source Files</Filter>
    </ClCompile>
    <ClCompile Include="BasicCanvas.cpp">
      <Filter>Source Files</Filter>
    </ClCompile>
    <ClCompile Include="WindowsBitmapFileProjector.cpp">
      <Filter>Source Files</Filter>
    </ClCompile>
    <ClCompile Include="SquareStroke.cpp">
      <Filter>Source Files</Filter>
    </ClCompile>
    <ClCompile Include="SquarePen.cpp">
      <Filter>Source Files</Filter>
    </ClCompile>
    <ClCompile Include="BasicCanvasBitmapIterator.cpp">
      <Filter>Source Files</Filter>
    </ClCompile>
  </ItemGroup>
  <ItemGroup>
    <ClInclude Include="Failure.h">
      <Filter>Header Files</Filter>
    </ClInclude>
    <ClInclude Include="Test.h">
      <Filter>Header Files</Filter>
    </ClInclude>
    <ClInclude Include="TestHarness.h">
      <Filter>Header Files</Filter>
    </ClInclude>
    <ClInclude Include="TestRegistry.h">
      <Filter>Header Files</Filter>
    </ClInclude>
    <ClInclude Include="TestResult.h">
      <Filter>Header Files</Filter>
    </ClInclude>
    <ClInclude Include="binary_ostream_iterator.h">
      <Filter>Header Files</Filter>
    </ClInclude>
    <ClInclude Include="Bitmap.h">
      <Filter>Header Files</Filter>
    </ClInclude>
    <ClInclude Include="BitmapIterator.h">
      <Filter>Header Files</Filter>
    </ClInclude>
    <ClInclude Include="BitmapIteratorDecorator.h">
      <Filter>Header Files</Filter>
    </ClInclude>
    <ClInclude Include="BrightnessDecorator.h">
      <Filter>Header Files</Filter>
    </ClInclude>
    <ClInclude Include="Byte.h">
      <Filter>Header Files</Filter>
    </ClInclude>
    <ClInclude Include="CodecLibrary.h">
      <Filter>Header Files</Filter>
    </ClInclude>
    <ClInclude Include="Color.h">
      <Filter>Header Files</Filter>
    </ClInclude>
    <ClInclude Include="ColorInversionDecorator.h">
      <Filter>Header Files</Filter>
    </ClInclude>
    <ClInclude Include="DoubleWord.h">
      <Filter>Header Files</Filter>
    </ClInclude>
    <ClInclude Include="IBitmapDecoder.h">
      <Filter>Header Files</Filter>
    </ClInclude>
    <ClInclude Include="IBitmapEncoder.h">
      <Filter>Header Files</Filter>
    </ClInclude>
    <ClInclude Include="IBitmapIterator.h">
      <Filter>Header Files</Filter>
    </ClInclude>
    <ClInclude Include="narrow_cast.h">
      <Filter>Header Files</Filter>
    </ClInclude>
    <ClInclude Include="ranged_number.h">
      <Filter>Header Files</Filter>
    </ClInclude>
    <ClInclude Include="SizedWord.h">
      <Filter>Header Files</Filter>
    </ClInclude>
    <ClInclude Include="VerifyEquality.h">
      <Filter>Header Files</Filter>
    </ClInclude>
    <ClInclude Include="WindowsBitmapCommon.h">
      <Filter>Header Files</Filter>
    </ClInclude>
    <ClInclude Include="WindowsBitmapDecoder.h">
      <Filter>Header Files</Filter>
    </ClInclude>
    <ClInclude Include="WindowsBitmapEncoder.h">
      <Filter>Header Files</Filter>
    </ClInclude>
    <ClInclude Include="WindowsBitmapHeader.h">
      <Filter>Header Files</Filter>
    </ClInclude>
    <ClInclude Include="Word.h">
      <Filter>Header Files</Filter>
    </ClInclude>
    <ClInclude Include="Element.h">
      <Filter>Header Files</Filter>
    </ClInclude>
    <ClInclude Include="Layer.h">
      <Filter>Header Files</Filter>
    </ClInclude>
    <ClInclude Include="PlacedGraphic.h">
      <Filter>Header Files</Filter>
    </ClInclude>
    <ClInclude Include="Point.h">
      <Filter>Header Files</Filter>
    </ClInclude>
    <ClInclude Include="Scene.h">
      <Filter>Header Files</Filter>
    </ClInclude>
    <ClInclude Include="SceneReader.h">
      <Filter>Header Files</Filter>
    </ClInclude>
    <ClInclude Include="SceneWriter.h">
      <Filter>Header Files</Filter>
    </ClInclude>
    <ClInclude Include="tinyxml2.h">
      <Filter>Header Files</Filter>
    </ClInclude>
    <ClInclude Include="VectorGraphic.h">
      <Filter>Header Files</Filter>
    </ClInclude>
    <ClInclude Include="XmlFactories.h">
      <Filter>Header Files</Filter>
    </ClInclude>
    <ClInclude Include="XmlInterfaces.h">
      <Filter>Header Files</Filter>
    </ClInclude>
    <ClInclude Include="XmlReader.h">
      <Filter>Header Files</Filter>
    </ClInclude>
    <ClInclude Include="XmlWriter.h">
      <Filter>Header Files</Filter>
    </ClInclude>
    <ClInclude Include="Parse.h">
      <Filter>Header Files</Filter>
    </ClInclude>
    <ClInclude Include="BasicCanvas.h">
      <Filter>Header Files</Filter>
    </ClInclude>
    <ClInclude Include="ICanvas.h">
      <Filter>Header Files</Filter>
    </ClInclude>
    <ClInclude Include="WindowsBitmapFileProjector.h">
      <Filter>Header Files</Filter>
    </ClInclude>
    <ClInclude Include="IProjector.h">
      <Filter>Header Files</Filter>
    </ClInclude>
    <ClInclude Include="IStroke.h">
      <Filter>Header Files</Filter>
    </ClInclude>
    <ClInclude Include="IPen.h">
      <Filter>Header Files</Filter>
    </ClInclude>
    <ClInclude Include="SquareStroke.h">
      <Filter>Header Files</Filter>
    </ClInclude>
    <ClInclude Include="SquarePen.h">
      <Filter>Header Files</Filter>
    </ClInclude>
    <ClInclude Include="BasicCanvasBitmapIterator.h">
      <Filter>Header Files</Filter>
    </ClInclude>
  </ItemGroup>
  <ItemGroup>
    <Image Include="basic.bmp">
      <Filter>Resource Files</Filter>
    </Image>
    <Image Include="basic_101.bmp">
      <Filter>Resource Files</Filter>
    </Image>
  </ItemGroup>
</Project>